
Microsoft Visual Studio Solution File, Format Version 12.00
# Visual Studio Version 16
VisualStudioVersion = 16.0.29613.14
MinimumVisualStudioVersion = 10.0.40219.1
Project("{FAE04EC0-301F-11D3-BF4B-00C04F79EFBC}") = "control_flow_2", "control_flow_2.csproj", "{C58B3377-B361-43B7-A73A-7E3BB16C921B}"
EndProject
Global
	GlobalSection(SolutionConfigurationPlatforms) = preSolution
		Debug|Any CPU = Debug|Any CPU
		Release|Any CPU = Release|Any CPU
	EndGlobalSection
	GlobalSection(ProjectConfigurationPlatforms) = postSolution
		{C58B3377-B361-43B7-A73A-7E3BB16C921B}.Debug|Any CPU.ActiveCfg = Debug|Any CPU
		{C58B3377-B361-43B7-A73A-7E3BB16C921B}.Debug|Any CPU.Build.0 = Debug|Any CPU
		{C58B3377-B361-43B7-A73A-7E3BB16C921B}.Release|Any CPU.ActiveCfg = Release|Any CPU
		{C58B3377-B361-43B7-A73A-7E3BB16C921B}.Release|Any CPU.Build.0 = Release|Any CPU
	EndGlobalSection
	GlobalSection(SolutionProperties) = preSolution
		HideSolutionNode = FALSE
	EndGlobalSection
	GlobalSection(ExtensibilityGlobals) = postSolution
		SolutionGuid = {F1C03796-94E2-45CC-8A14-2C1AAAF35BB2}
	EndGlobalSection
EndGlobal
