
Microsoft Visual Studio Solution File, Format Version 12.00
# Visual Studio Version 16
VisualStudioVersion = 16.0.29613.14
MinimumVisualStudioVersion = 10.0.40219.1
Project("{9A19103F-16F7-4668-BE54-9A1E7A4F7556}") = "swap_numbers", "first\swap_numbers.csproj", "{0A9CE92B-85C1-4B84-9D88-BBF6AE2A9D39}"
EndProject
Global
	GlobalSection(SolutionConfigurationPlatforms) = preSolution
		Debug|Any CPU = Debug|Any CPU
		Release|Any CPU = Release|Any CPU
	EndGlobalSection
	GlobalSection(ProjectConfigurationPlatforms) = postSolution
		{0A9CE92B-85C1-4B84-9D88-BBF6AE2A9D39}.Debug|Any CPU.ActiveCfg = Debug|Any CPU
		{0A9CE92B-85C1-4B84-9D88-BBF6AE2A9D39}.Debug|Any CPU.Build.0 = Debug|Any CPU
		{0A9CE92B-85C1-4B84-9D88-BBF6AE2A9D39}.Release|Any CPU.ActiveCfg = Release|Any CPU
		{0A9CE92B-85C1-4B84-9D88-BBF6AE2A9D39}.Release|Any CPU.Build.0 = Release|Any CPU
	EndGlobalSection
	GlobalSection(SolutionProperties) = preSolution
		HideSolutionNode = FALSE
	EndGlobalSection
	GlobalSection(ExtensibilityGlobals) = postSolution
		SolutionGuid = {40DB31B8-B9AB-4E5E-8925-FA00DDD076FB}
	EndGlobalSection
EndGlobal
